// !$*UTF8*$!
{
	archiveVersion = 1;
	classes = {
	};
	objectVersion = 90;
	objects = {

/* Begin PBXContainerItemProxy section */
		CD1C49902E78E66800F79BB3 /* PBXContainerItemProxy */ = {
			isa = PBXContainerItemProxy;
			containerPortal = CD1C49532E78E0FA00F79BB3 /* Project object */;
			proxyType = 1;
			remoteGlobalIDString = CD1C495A2E78E0FA00F79BB3;
			remoteInfo = Photo_Booth;
		};
/* End PBXContainerItemProxy section */

/* Begin PBXFileReference section */
		CD1C495B2E78E0FA00F79BB3 /* Photo_Booth.app */ = {isa = PBXFileReference; explicitFileType = wrapper.application; includeInIndex = 0; path = Photo_Booth.app; sourceTree = BUILT_PRODUCTS_DIR; };
		CD1C498C2E78E66800F79BB3 /* Photo_BoothTests.xctest */ = {isa = PBXFileReference; explicitFileType = wrapper.cfbundle; includeInIndex = 0; path = Photo_BoothTests.xctest; sourceTree = BUILT_PRODUCTS_DIR; };
/* End PBXFileReference section */

/* Begin PBXFileSystemSynchronizedRootGroup section */
		CD1C495D2E78E0FA00F79BB3 /* Photo_Booth */ = {
			isa = PBXFileSystemSynchronizedRootGroup;
			path = Photo_Booth;
			sourceTree = "<group>";
		};
		CD1C498D2E78E66800F79BB3 /* Photo_BoothTests */ = {
			isa = PBXFileSystemSynchronizedRootGroup;
			path = Photo_BoothTests;
			sourceTree = "<group>";
		};
/* End PBXFileSystemSynchronizedRootGroup section */

/* Begin PBXFrameworksBuildPhase section */
		CD1C49582E78E0FA00F79BB3 /* Frameworks */ = {
			isa = PBXFrameworksBuildPhase;
			files = (
			);
		};
		CD1C49892E78E66800F79BB3 /* Frameworks */ = {
			isa = PBXFrameworksBuildPhase;
			files = (
			);
		};
/* End PBXFrameworksBuildPhase section */

/* Begin PBXGroup section */
		CD1C49522E78E0FA00F79BB3 = {
			isa = PBXGroup;
			children = (
				CD1C495D2E78E0FA00F79BB3 /* Photo_Booth */,
				CD1C498D2E78E66800F79BB3 /* Photo_BoothTests */,
				CD1C495C2E78E0FA00F79BB3 /* Products */,
			);
			sourceTree = "<group>";
		};
		CD1C495C2E78E0FA00F79BB3 /* Products */ = {
			isa = PBXGroup;
			children = (
				CD1C495B2E78E0FA00F79BB3 /* Photo_Booth.app */,
				CD1C498C2E78E66800F79BB3 /* Photo_BoothTests.xctest */,
			);
			name = Products;
			sourceTree = "<group>";
		};
/* End PBXGroup section */

/* Begin PBXNativeTarget section */
		CD1C495A2E78E0FA00F79BB3 /* Photo_Booth */ = {
			isa = PBXNativeTarget;
			buildConfigurationList = CD1C49662E78E0FC00F79BB3 /* Build configuration list for PBXNativeTarget "Photo_Booth" */;
			buildPhases = (
				CD1C49572E78E0FA00F79BB3 /* Sources */,
				CD1C49582E78E0FA00F79BB3 /* Frameworks */,
				CD1C49592E78E0FA00F79BB3 /* Resources */,
			);
			buildRules = (
			);
			fileSystemSynchronizedGroups = (
				CD1C495D2E78E0FA00F79BB3 /* Photo_Booth */,
			);
			name = Photo_Booth;
			productName = Photo_Booth;
			productReference = CD1C495B2E78E0FA00F79BB3 /* Photo_Booth.app */;
			productType = "com.apple.product-type.application";
		};
		CD1C498B2E78E66800F79BB3 /* Photo_BoothTests */ = {
			isa = PBXNativeTarget;
			buildConfigurationList = CD1C49922E78E66800F79BB3 /* Build configuration list for PBXNativeTarget "Photo_BoothTests" */;
			buildPhases = (
				CD1C49882E78E66800F79BB3 /* Sources */,
				CD1C49892E78E66800F79BB3 /* Frameworks */,
				CD1C498A2E78E66800F79BB3 /* Resources */,
			);
			buildRules = (
			);
			dependencies = (
				CD1C49912E78E66800F79BB3 /* PBXTargetDependency */,
			);
			fileSystemSynchronizedGroups = (
				CD1C498D2E78E66800F79BB3 /* Photo_BoothTests */,
			);
			name = Photo_BoothTests;
			productName = Photo_BoothTests;
			productReference = CD1C498C2E78E66800F79BB3 /* Photo_BoothTests.xctest */;
			productType = "com.apple.product-type.bundle.unit-test";
		};
/* End PBXNativeTarget section */

/* Begin PBXProject section */
		CD1C49532E78E0FA00F79BB3 /* Project object */ = {
			isa = PBXProject;
			attributes = {
				BuildIndependentTargetsInParallel = 1;
				LastSwiftUpdateCheck = 1640;
				LastUpgradeCheck = 2600;
				TargetAttributes = {
					CD1C495A2E78E0FA00F79BB3 = {
						CreatedOnToolsVersion = 16.4;
					};
					CD1C498B2E78E66800F79BB3 = {
						CreatedOnToolsVersion = 16.4;
						TestTargetID = CD1C495A2E78E0FA00F79BB3;
					};
				};
			};
			buildConfigurationList = CD1C49562E78E0FA00F79BB3 /* Build configuration list for PBXProject "Photo_Booth" */;
			developmentRegion = en;
			hasScannedForEncodings = 0;
			knownRegions = (
				en,
			);
			mainGroup = CD1C49522E78E0FA00F79BB3;
			minimizedProjectReferenceProxies = 1;
			preferredProjectObjectVersion = 90;
			productRefGroup = CD1C495C2E78E0FA00F79BB3 /* Products */;
			projectDirPath = "";
			projectRoot = "";
			targets = (
				CD1C495A2E78E0FA00F79BB3 /* Photo_Booth */,
				CD1C498B2E78E66800F79BB3 /* Photo_BoothTests */,
			);
		};
/* End PBXProject section */

/* Begin PBXResourcesBuildPhase section */
		CD1C49592E78E0FA00F79BB3 /* Resources */ = {
			isa = PBXResourcesBuildPhase;
			files = (
			);
		};
		CD1C498A2E78E66800F79BB3 /* Resources */ = {
			isa = PBXResourcesBuildPhase;
			files = (
			);
		};
/* End PBXResourcesBuildPhase section */

/* Begin PBXSourcesBuildPhase section */
		CD1C49572E78E0FA00F79BB3 /* Sources */ = {
			isa = PBXSourcesBuildPhase;
			files = (
			);
		};
		CD1C49882E78E66800F79BB3 /* Sources */ = {
			isa = PBXSourcesBuildPhase;
			files = (
			);
		};
/* End PBXSourcesBuildPhase section */

/* Begin PBXTargetDependency section */
		CD1C49912E78E66800F79BB3 /* PBXTargetDependency */ = {
			isa = PBXTargetDependency;
			target = CD1C495A2E78E0FA00F79BB3 /* Photo_Booth */;
			targetProxy = CD1C49902E78E66800F79BB3 /* PBXContainerItemProxy */;
		};
/* End PBXTargetDependency section */

/* Begin XCBuildConfiguration section */
		CD1C49642E78E0FC00F79BB3 /* Debug configuration for PBXProject "Photo_Booth" */ = {
			isa = XCBuildConfiguration;
			buildSettings = {
				ALWAYS_SEARCH_USER_PATHS = NO;
				ASSETCATALOG_COMPILER_GENERATE_SWIFT_ASSET_SYMBOL_EXTENSIONS = YES;
				CLANG_ANALYZER_NONNULL = YES;
				CLANG_ANALYZER_NUMBER_OBJECT_CONVERSION = YES_AGGRESSIVE;
				CLANG_CXX_LANGUAGE_STANDARD = "gnu++20";
				CLANG_ENABLE_MODULES = YES;
				CLANG_ENABLE_OBJC_ARC = YES;
				CLANG_ENABLE_OBJC_WEAK = YES;
				CLANG_WARN_BLOCK_CAPTURE_AUTORELEASING = YES;
				CLANG_WARN_BOOL_CONVERSION = YES;
				CLANG_WARN_COMMA = YES;
				CLANG_WARN_CONSTANT_CONVERSION = YES;
				CLANG_WARN_DEPRECATED_OBJC_IMPLEMENTATIONS = YES;
				CLANG_WARN_DIRECT_OBJC_ISA_USAGE = YES_ERROR;
				CLANG_WARN_DOCUMENTATION_COMMENTS = YES;
				CLANG_WARN_EMPTY_BODY = YES;
				CLANG_WARN_ENUM_CONVERSION = YES;
				CLANG_WARN_INFINITE_RECURSION = YES;
				CLANG_WARN_INT_CONVERSION = YES;
				CLANG_WARN_NON_LITERAL_NULL_CONVERSION = YES;
				CLANG_WARN_OBJC_IMPLICIT_RETAIN_SELF = YES;
				CLANG_WARN_OBJC_LITERAL_CONVERSION = YES;
				CLANG_WARN_OBJC_ROOT_CLASS = YES_ERROR;
				CLANG_WARN_QUOTED_INCLUDE_IN_FRAMEWORK_HEADER = YES;
				CLANG_WARN_RANGE_LOOP_ANALYSIS = YES;
				CLANG_WARN_STRICT_PROTOTYPES = YES;
				CLANG_WARN_SUSPICIOUS_MOVE = YES;
				CLANG_WARN_UNGUARDED_AVAILABILITY = YES_AGGRESSIVE;
				CLANG_WARN_UNREACHABLE_CODE = YES;
				CLANG_WARN__DUPLICATE_METHOD_MATCH = YES;
				COPY_PHASE_STRIP = NO;
				DEBUG_INFORMATION_FORMAT = dwarf;
				DEVELOPMENT_TEAM = YN6FK3U2YV;
				ENABLE_STRICT_OBJC_MSGSEND = YES;
				ENABLE_TESTABILITY = YES;
				ENABLE_USER_SCRIPT_SANDBOXING = YES;
				GCC_C_LANGUAGE_STANDARD = gnu17;
				GCC_DYNAMIC_NO_PIC = NO;
				GCC_NO_COMMON_BLOCKS = YES;
				GCC_OPTIMIZATION_LEVEL = 0;
				GCC_PREPROCESSOR_DEFINITIONS = (
					"DEBUG=1",
					"$(inherited)",
				);
				GCC_WARN_64_TO_32_BIT_CONVERSION = YES;
				GCC_WARN_ABOUT_RETURN_TYPE = YES_ERROR;
				GCC_WARN_UNDECLARED_SELECTOR = YES;
				GCC_WARN_UNINITIALIZED_AUTOS = YES_AGGRESSIVE;
				GCC_WARN_UNUSED_FUNCTION = YES;
				GCC_WARN_UNUSED_VARIABLE = YES;
				IPHONEOS_DEPLOYMENT_TARGET = 18.5;
				LOCALIZATION_PREFERS_STRING_CATALOGS = YES;
				MTL_ENABLE_DEBUG_INFO = INCLUDE_SOURCE;
				MTL_FAST_MATH = YES;
				ONLY_ACTIVE_ARCH = YES;
				SDKROOT = iphoneos;
				STRING_CATALOG_GENERATE_SYMBOLS = YES;
				SWIFT_ACTIVE_COMPILATION_CONDITIONS = "DEBUG $(inherited)";
				SWIFT_OPTIMIZATION_LEVEL = "-Onone";
			};
			name = Debug;
		};
		CD1C49652E78E0FC00F79BB3 /* Release configuration for PBXProject "Photo_Booth" */ = {
			isa = XCBuildConfiguration;
			buildSettings = {
				ALWAYS_SEARCH_USER_PATHS = NO;
				ASSETCATALOG_COMPILER_GENERATE_SWIFT_ASSET_SYMBOL_EXTENSIONS = YES;
				CLANG_ANALYZER_NONNULL = YES;
				CLANG_ANALYZER_NUMBER_OBJECT_CONVERSION = YES_AGGRESSIVE;
				CLANG_CXX_LANGUAGE_STANDARD = "gnu++20";
				CLANG_ENABLE_MODULES = YES;
				CLANG_ENABLE_OBJC_ARC = YES;
				CLANG_ENABLE_OBJC_WEAK = YES;
				CLANG_WARN_BLOCK_CAPTURE_AUTORELEASING = YES;
				CLANG_WARN_BOOL_CONVERSION = YES;
				CLANG_WARN_COMMA = YES;
				CLANG_WARN_CONSTANT_CONVERSION = YES;
				CLANG_WARN_DEPRECATED_OBJC_IMPLEMENTATIONS = YES;
				CLANG_WARN_DIRECT_OBJC_ISA_USAGE = YES_ERROR;
				CLANG_WARN_DOCUMENTATION_COMMENTS = YES;
				CLANG_WARN_EMPTY_BODY = YES;
				CLANG_WARN_ENUM_CONVERSION = YES;
				CLANG_WARN_INFINITE_RECURSION = YES;
				CLANG_WARN_INT_CONVERSION = YES;
				CLANG_WARN_NON_LITERAL_NULL_CONVERSION = YES;
				CLANG_WARN_OBJC_IMPLICIT_RETAIN_SELF = YES;
				CLANG_WARN_OBJC_LITERAL_CONVERSION = YES;
				CLANG_WARN_OBJC_ROOT_CLASS = YES_ERROR;
				CLANG_WARN_QUOTED_INCLUDE_IN_FRAMEWORK_HEADER = YES;
				CLANG_WARN_RANGE_LOOP_ANALYSIS = YES;
				CLANG_WARN_STRICT_PROTOTYPES = YES;
				CLANG_WARN_SUSPICIOUS_MOVE = YES;
				CLANG_WARN_UNGUARDED_AVAILABILITY = YES_AGGRESSIVE;
				CLANG_WARN_UNREACHABLE_CODE = YES;
				CLANG_WARN__DUPLICATE_METHOD_MATCH = YES;
				COPY_PHASE_STRIP = NO;
				DEBUG_INFORMATION_FORMAT = "dwarf-with-dsym";
				DEVELOPMENT_TEAM = YN6FK3U2YV;
				ENABLE_NS_ASSERTIONS = NO;
				ENABLE_STRICT_OBJC_MSGSEND = YES;
				ENABLE_USER_SCRIPT_SANDBOXING = YES;
				GCC_C_LANGUAGE_STANDARD = gnu17;
				GCC_NO_COMMON_BLOCKS = YES;
				GCC_WARN_64_TO_32_BIT_CONVERSION = YES;
				GCC_WARN_ABOUT_RETURN_TYPE = YES_ERROR;
				GCC_WARN_UNDECLARED_SELECTOR = YES;
				GCC_WARN_UNINITIALIZED_AUTOS = YES_AGGRESSIVE;
				GCC_WARN_UNUSED_FUNCTION = YES;
				GCC_WARN_UNUSED_VARIABLE = YES;
				IPHONEOS_DEPLOYMENT_TARGET = 18.5;
				LOCALIZATION_PREFERS_STRING_CATALOGS = YES;
				MTL_ENABLE_DEBUG_INFO = NO;
				MTL_FAST_MATH = YES;
				SDKROOT = iphoneos;
				STRING_CATALOG_GENERATE_SYMBOLS = YES;
				SWIFT_COMPILATION_MODE = wholemodule;
				VALIDATE_PRODUCT = YES;
			};
			name = Release;
		};
		CD1C49672E78E0FC00F79BB3 /* Debug configuration for PBXNativeTarget "Photo_Booth" */ = {
			isa = XCBuildConfiguration;
			buildSettings = {
				ASSETCATALOG_COMPILER_APPICON_NAME = AppIcon;
				ASSETCATALOG_COMPILER_GLOBAL_ACCENT_COLOR_NAME = AccentColor;
				CODE_SIGN_STYLE = Automatic;
				CURRENT_PROJECT_VERSION = 1;
				DEVELOPMENT_TEAM = YN6FK3U2YV;
				ENABLE_PREVIEWS = YES;
				GENERATE_INFOPLIST_FILE = YES;
				INFOPLIST_KEY_UIApplicationSceneManifest_Generation = YES;
				INFOPLIST_KEY_UIApplicationSupportsIndirectInputEvents = YES;
				INFOPLIST_KEY_UILaunchScreen_Generation = YES;
				INFOPLIST_KEY_UISupportedInterfaceOrientations_iPad = "UIInterfaceOrientationPortrait UIInterfaceOrientationPortraitUpsideDown UIInterfaceOrientationLandscapeLeft UIInterfaceOrientationLandscapeRight";
				INFOPLIST_KEY_UISupportedInterfaceOrientations_iPhone = "UIInterfaceOrientationPortrait UIInterfaceOrientationLandscapeLeft UIInterfaceOrientationLandscapeRight";
				LD_RUNPATH_SEARCH_PATHS = (
					"$(inherited)",
					"@executable_path/Frameworks",
				);
				MARKETING_VERSION = 1.0;
				PRODUCT_BUNDLE_IDENTIFIER = "cc.supercenter.Photo-Booth";
				PRODUCT_NAME = "$(TARGET_NAME)";
				SWIFT_EMIT_LOC_STRINGS = YES;
				SWIFT_VERSION = 5.0;
				TARGETED_DEVICE_FAMILY = "1,2";
			};
			name = Debug;
		};
		CD1C49682E78E0FC00F79BB3 /* Release configuration for PBXNativeTarget "Photo_Booth" */ = {
			isa = XCBuildConfiguration;
			buildSettings = {
				ASSETCATALOG_COMPILER_APPICON_NAME = AppIcon;
				ASSETCATALOG_COMPILER_GLOBAL_ACCENT_COLOR_NAME = AccentColor;
				CODE_SIGN_STYLE = Automatic;
				CURRENT_PROJECT_VERSION = 1;
				DEVELOPMENT_TEAM = YN6FK3U2YV;
				ENABLE_PREVIEWS = YES;
				GENERATE_INFOPLIST_FILE = YES;
				INFOPLIST_KEY_UIApplicationSceneManifest_Generation = YES;
				INFOPLIST_KEY_UIApplicationSupportsIndirectInputEvents = YES;
				INFOPLIST_KEY_UILaunchScreen_Generation = YES;
				INFOPLIST_KEY_UISupportedInterfaceOrientations_iPad = "UIInterfaceOrientationPortrait UIInterfaceOrientationPortraitUpsideDown UIInterfaceOrientationLandscapeLeft UIInterfaceOrientationLandscapeRight";
				INFOPLIST_KEY_UISupportedInterfaceOrientations_iPhone = "UIInterfaceOrientationPortrait UIInterfaceOrientationLandscapeLeft UIInterfaceOrientationLandscapeRight";
				LD_RUNPATH_SEARCH_PATHS = (
					"$(inherited)",
					"@executable_path/Frameworks",
				);
				MARKETING_VERSION = 1.0;
				PRODUCT_BUNDLE_IDENTIFIER = "cc.supercenter.Photo-Booth";
				PRODUCT_NAME = "$(TARGET_NAME)";
				SWIFT_EMIT_LOC_STRINGS = YES;
				SWIFT_VERSION = 5.0;
				TARGETED_DEVICE_FAMILY = "1,2";
			};
			name = Release;
		};
		CD1C49932E78E66800F79BB3 /* Debug configuration for PBXNativeTarget "Photo_BoothTests" */ = {
			isa = XCBuildConfiguration;
			buildSettings = {
				BUNDLE_LOADER = "$(TEST_HOST)";
				CODE_SIGN_STYLE = Automatic;
				CURRENT_PROJECT_VERSION = 1;
				DEVELOPMENT_TEAM = YN6FK3U2YV;
				GENERATE_INFOPLIST_FILE = YES;
				MARKETING_VERSION = 1.0;
				PRODUCT_BUNDLE_IDENTIFIER = "cc.supercenter.Photo-BoothTests";
				PRODUCT_NAME = "$(TARGET_NAME)";
				SWIFT_EMIT_LOC_STRINGS = NO;
				SWIFT_VERSION = 5.0;
				TARGETED_DEVICE_FAMILY = "1,2";
				TEST_HOST = "$(BUILT_PRODUCTS_DIR)/Photo_Booth.app/$(BUNDLE_EXECUTABLE_FOLDER_PATH)/Photo_Booth";
			};
			name = Debug;
		};
		CD1C49942E78E66800F79BB3 /* Release configuration for PBXNativeTarget "Photo_BoothTests" */ = {
			isa = XCBuildConfiguration;
			buildSettings = {
				BUNDLE_LOADER = "$(TEST_HOST)";
				CODE_SIGN_STYLE = Automatic;
				CURRENT_PROJECT_VERSION = 1;
				DEVELOPMENT_TEAM = YN6FK3U2YV;
				GENERATE_INFOPLIST_FILE = YES;
				MARKETING_VERSION = 1.0;
				PRODUCT_BUNDLE_IDENTIFIER = "cc.supercenter.Photo-BoothTests";
				PRODUCT_NAME = "$(TARGET_NAME)";
				SWIFT_EMIT_LOC_STRINGS = NO;
				SWIFT_VERSION = 5.0;
				TARGETED_DEVICE_FAMILY = "1,2";
				TEST_HOST = "$(BUILT_PRODUCTS_DIR)/Photo_Booth.app/$(BUNDLE_EXECUTABLE_FOLDER_PATH)/Photo_Booth";
			};
			name = Release;
		};
/* End XCBuildConfiguration section */

/* Begin XCConfigurationList section */
		CD1C49562E78E0FA00F79BB3 /* Build configuration list for PBXProject "Photo_Booth" */ = {
			isa = XCConfigurationList;
			buildConfigurations = (
				CD1C49642E78E0FC00F79BB3 /* Debug configuration for PBXProject "Photo_Booth" */,
				CD1C49652E78E0FC00F79BB3 /* Release configuration for PBXProject "Photo_Booth" */,
			);
			defaultConfigurationName = Release;
		};
		CD1C49662E78E0FC00F79BB3 /* Build configuration list for PBXNativeTarget "Photo_Booth" */ = {
			isa = XCConfigurationList;
			buildConfigurations = (
				CD1C49672E78E0FC00F79BB3 /* Debug configuration for PBXNativeTarget "Photo_Booth" */,
				CD1C49682E78E0FC00F79BB3 /* Release configuration for PBXNativeTarget "Photo_Booth" */,
			);
			defaultConfigurationName = Release;
		};
		CD1C49922E78E66800F79BB3 /* Build configuration list for PBXNativeTarget "Photo_BoothTests" */ = {
			isa = XCConfigurationList;
			buildConfigurations = (
				CD1C49932E78E66800F79BB3 /* Debug configuration for PBXNativeTarget "Photo_BoothTests" */,
				CD1C49942E78E66800F79BB3 /* Release configuration for PBXNativeTarget "Photo_BoothTests" */,
			);
			defaultConfigurationName = Release;
		};
/* End XCConfigurationList section */
	};
	rootObject = CD1C49532E78E0FA00F79BB3 /* Project object */;
}
